// !$*UTF8*$!
{
	archiveVersion = 1;
	classes = {
	};
	objectVersion = 77;
	objects = {

/* Begin PBXBuildFile section */
		10203EAF2EFD278F00A9F078 /* AvailableLanguage.swift in Sources */ = {isa = PBXBuildFile; fileRef = 10203EA62EFD278F00A9F078 /* AvailableLanguage.swift */; };
		10203EB22EFD278F00A9F078 /* Main.swift in Sources */ = {isa = PBXBuildFile; fileRef = 10203EAA2EFD278F00A9F078 /* Main.swift */; };
		10203EB42EFD278F00A9F078 /* iTranslateView.swift in Sources */ = {isa = PBXBuildFile; fileRef = 10203EAD2EFD278F00A9F078 /* iTranslateView.swift */; };
		10203EB52EFD278F00A9F078 /* Assets.xcassets in Resources */ = {isa = PBXBuildFile; fileRef = 10203EA52EFD278F00A9F078 /* Assets.xcassets */; };
		1043DA182EFEA11B00A4D043 /* iTranslation.icon in Resources */ = {isa = PBXBuildFile; fileRef = 1043DA172EFEA11B00A4D043 /* iTranslation.icon */; };
		1043DA1C2EFEBF6A00A4D043 /* MenuBarView.swift in Sources */ = {isa = PBXBuildFile; fileRef = 1043DA1B2EFEBF6400A4D043 /* MenuBarView.swift */; };
		1043DA1E2EFEC9CD00A4D043 /* FootView.swift in Sources */ = {isa = PBXBuildFile; fileRef = 1043DA1D2EFEC9CD00A4D043 /* FootView.swift */; };
		1043DA202EFED74600A4D043 /* HeadView.swift in Sources */ = {isa = PBXBuildFile; fileRef = 1043DA1F2EFED74600A4D043 /* HeadView.swift */; };
		1043DA222EFEDCCD00A4D043 /* ViewModel.swift in Sources */ = {isa = PBXBuildFile; fileRef = 1043DA212EFEDCCD00A4D043 /* ViewModel.swift */; };
		1043DA242EFEE88200A4D043 /* BodyView.swift in Sources */ = {isa = PBXBuildFile; fileRef = 1043DA232EFEE88200A4D043 /* BodyView.swift */; };
		1043DA2D2F026C8B00A4D043 /* CustomWindow.swift in Sources */ = {isa = PBXBuildFile; fileRef = 1043DA2C2F026C8A00A4D043 /* CustomWindow.swift */; };
		1067ECA12EFD2A8400039A51 /* ServicesProvider.swift in Sources */ = {isa = PBXBuildFile; fileRef = 1067ECA02EFD2A8200039A51 /* ServicesProvider.swift */; };
		1067ECA32EFD2BB000039A51 /* AppDelegate.swift in Sources */ = {isa = PBXBuildFile; fileRef = 1067ECA22EFD2BAF00039A51 /* AppDelegate.swift */; };
/* End PBXBuildFile section */

/* Begin PBXFileReference section */
		10203E682EFA4CE000A9F078 /* iTranslation.app */ = {isa = PBXFileReference; explicitFileType = wrapper.application; includeInIndex = 0; path = iTranslation.app; sourceTree = BUILT_PRODUCTS_DIR; };
		10203EA52EFD278F00A9F078 /* Assets.xcassets */ = {isa = PBXFileReference; lastKnownFileType = folder.assetcatalog; path = Assets.xcassets; sourceTree = "<group>"; };
		10203EA62EFD278F00A9F078 /* AvailableLanguage.swift */ = {isa = PBXFileReference; lastKnownFileType = sourcecode.swift; path = AvailableLanguage.swift; sourceTree = "<group>"; };
		10203EA92EFD278F00A9F078 /* App.entitlements */ = {isa = PBXFileReference; lastKnownFileType = text.plist.entitlements; path = App.entitlements; sourceTree = "<group>"; };
		10203EAA2EFD278F00A9F078 /* Main.swift */ = {isa = PBXFileReference; lastKnownFileType = sourcecode.swift; path = Main.swift; sourceTree = "<group>"; };
		10203EAB2EFD278F00A9F078 /* Info.plist */ = {isa = PBXFileReference; lastKnownFileType = text.plist.xml; path = Info.plist; sourceTree = "<group>"; };
		10203EAD2EFD278F00A9F078 /* iTranslateView.swift */ = {isa = PBXFileReference; lastKnownFileType = sourcecode.swift; path = iTranslateView.swift; sourceTree = "<group>"; };
		1043DA172EFEA11B00A4D043 /* iTranslation.icon */ = {isa = PBXFileReference; lastKnownFileType = folder.iconcomposer.icon; path = iTranslation.icon; sourceTree = "<group>"; };
		1043DA1B2EFEBF6400A4D043 /* MenuBarView.swift */ = {isa = PBXFileReference; lastKnownFileType = sourcecode.swift; path = MenuBarView.swift; sourceTree = "<group>"; };
		1043DA1D2EFEC9CD00A4D043 /* FootView.swift */ = {isa = PBXFileReference; lastKnownFileType = sourcecode.swift; path = FootView.swift; sourceTree = "<group>"; };
		1043DA1F2EFED74600A4D043 /* HeadView.swift */ = {isa = PBXFileReference; lastKnownFileType = sourcecode.swift; path = HeadView.swift; sourceTree = "<group>"; };
		1043DA212EFEDCCD00A4D043 /* ViewModel.swift */ = {isa = PBXFileReference; lastKnownFileType = sourcecode.swift; path = ViewModel.swift; sourceTree = "<group>"; };
		1043DA232EFEE88200A4D043 /* BodyView.swift */ = {isa = PBXFileReference; lastKnownFileType = sourcecode.swift; path = BodyView.swift; sourceTree = "<group>"; };
		1043DA2C2F026C8A00A4D043 /* CustomWindow.swift */ = {isa = PBXFileReference; lastKnownFileType = sourcecode.swift; path = CustomWindow.swift; sourceTree = "<group>"; };
		1043DA392F053EF500A4D043 /* README.md */ = {isa = PBXFileReference; lastKnownFileType = net.daringfireball.markdown; path = README.md; sourceTree = "<group>"; };
		1067ECA02EFD2A8200039A51 /* ServicesProvider.swift */ = {isa = PBXFileReference; lastKnownFileType = sourcecode.swift; path = ServicesProvider.swift; sourceTree = "<group>"; };
		1067ECA22EFD2BAF00039A51 /* AppDelegate.swift */ = {isa = PBXFileReference; lastKnownFileType = sourcecode.swift; path = AppDelegate.swift; sourceTree = "<group>"; };
/* End PBXFileReference section */

/* Begin PBXFrameworksBuildPhase section */
		10203E652EFA4CE000A9F078 /* Frameworks */ = {
			isa = PBXFrameworksBuildPhase;
			buildActionMask = 2147483647;
			files = (
			);
			runOnlyForDeploymentPostprocessing = 0;
		};
/* End PBXFrameworksBuildPhase section */

/* Begin PBXGroup section */
		10203E5F2EFA4CE000A9F078 = {
			isa = PBXGroup;
			children = (
				1043DA382F053EED00A4D043 /* docs */,
				10203EAE2EFD278F00A9F078 /* App */,
				10203E692EFA4CE000A9F078 /* Products */,
			);
			sourceTree = "<group>";
		};
		10203E692EFA4CE000A9F078 /* Products */ = {
			isa = PBXGroup;
			children = (
				10203E682EFA4CE000A9F078 /* iTranslation.app */,
			);
			name = Products;
			sourceTree = "<group>";
		};
		10203EAE2EFD278F00A9F078 /* App */ = {
			isa = PBXGroup;
			children = (
				10203EAA2EFD278F00A9F078 /* Main.swift */,
				1043DA1B2EFEBF6400A4D043 /* MenuBarView.swift */,
				10203EAD2EFD278F00A9F078 /* iTranslateView.swift */,
				1043DA252EFF80E500A4D043 /* iTranslation */,
				1067ECA22EFD2BAF00039A51 /* AppDelegate.swift */,
				1043DA2C2F026C8A00A4D043 /* CustomWindow.swift */,
				1067ECA02EFD2A8200039A51 /* ServicesProvider.swift */,
				10203EAB2EFD278F00A9F078 /* Info.plist */,
				10203EA92EFD278F00A9F078 /* App.entitlements */,
				10203EA52EFD278F00A9F078 /* Assets.xcassets */,
				1043DA172EFEA11B00A4D043 /* iTranslation.icon */,
			);
			path = App;
			sourceTree = "<group>";
		};
		1043DA252EFF80E500A4D043 /* iTranslation */ = {
			isa = PBXGroup;
			children = (
				1043DA1F2EFED74600A4D043 /* HeadView.swift */,
				1043DA232EFEE88200A4D043 /* BodyView.swift */,
				1043DA1D2EFEC9CD00A4D043 /* FootView.swift */,
				1043DA212EFEDCCD00A4D043 /* ViewModel.swift */,
				10203EA62EFD278F00A9F078 /* AvailableLanguage.swift */,
			);
			path = iTranslation;
			sourceTree = "<group>";
		};
		1043DA382F053EED00A4D043 /* docs */ = {
			isa = PBXGroup;
			children = (
				1043DA392F053EF500A4D043 /* README.md */,
			);
			path = docs;
			sourceTree = "<group>";
		};
/* End PBXGroup section */

/* Begin PBXNativeTarget section */
		10203E672EFA4CE000A9F078 /* iTranslation */ = {
			isa = PBXNativeTarget;
			buildConfigurationList = 10203E8C2EFA4CE100A9F078 /* Build configuration list for PBXNativeTarget "iTranslation" */;
			buildPhases = (
				10203E642EFA4CE000A9F078 /* Sources */,
				10203E652EFA4CE000A9F078 /* Frameworks */,
				10203E662EFA4CE000A9F078 /* Resources */,
			);
			buildRules = (
			);
			dependencies = (
			);
			name = iTranslation;
			packageProductDependencies = (
			);
			productName = Hello;
			productReference = 10203E682EFA4CE000A9F078 /* iTranslation.app */;
			productType = "com.apple.product-type.application";
		};
/* End PBXNativeTarget section */

/* Begin PBXProject section */
		10203E602EFA4CE000A9F078 /* Project object */ = {
			isa = PBXProject;
			attributes = {
				BuildIndependentTargetsInParallel = 1;
				LastSwiftUpdateCheck = 2620;
				LastUpgradeCheck = 2620;
				TargetAttributes = {
					10203E672EFA4CE000A9F078 = {
						CreatedOnToolsVersion = 26.2;
					};
				};
			};
			buildConfigurationList = 10203E632EFA4CE000A9F078 /* Build configuration list for PBXProject "iTranslation" */;
			developmentRegion = en;
			hasScannedForEncodings = 0;
			knownRegions = (
				en,
				Base,
			);
			mainGroup = 10203E5F2EFA4CE000A9F078;
			minimizedProjectReferenceProxies = 1;
			preferredProjectObjectVersion = 77;
			productRefGroup = 10203E692EFA4CE000A9F078 /* Products */;
			projectDirPath = "";
			projectRoot = "";
			targets = (
				10203E672EFA4CE000A9F078 /* iTranslation */,
			);
		};
/* End PBXProject section */

/* Begin PBXResourcesBuildPhase section */
		10203E662EFA4CE000A9F078 /* Resources */ = {
			isa = PBXResourcesBuildPhase;
			buildActionMask = 2147483647;
			files = (
				1043DA182EFEA11B00A4D043 /* iTranslation.icon in Resources */,
				10203EB52EFD278F00A9F078 /* Assets.xcassets in Resources */,
			);
			runOnlyForDeploymentPostprocessing = 0;
		};
/* End PBXResourcesBuildPhase section */

/* Begin PBXSourcesBuildPhase section */
		10203E642EFA4CE000A9F078 /* Sources */ = {
			isa = PBXSourcesBuildPhase;
			buildActionMask = 2147483647;
			files = (
				1067ECA12EFD2A8400039A51 /* ServicesProvider.swift in Sources */,
				1043DA222EFEDCCD00A4D043 /* ViewModel.swift in Sources */,
				10203EAF2EFD278F00A9F078 /* AvailableLanguage.swift in Sources */,
				10203EB22EFD278F00A9F078 /* Main.swift in Sources */,
				1043DA1E2EFEC9CD00A4D043 /* FootView.swift in Sources */,
				1043DA1C2EFEBF6A00A4D043 /* MenuBarView.swift in Sources */,
				1067ECA32EFD2BB000039A51 /* AppDelegate.swift in Sources */,
				1043DA2D2F026C8B00A4D043 /* CustomWindow.swift in Sources */,
				10203EB42EFD278F00A9F078 /* iTranslateView.swift in Sources */,
				1043DA242EFEE88200A4D043 /* BodyView.swift in Sources */,
				1043DA202EFED74600A4D043 /* HeadView.swift in Sources */,
			);
			runOnlyForDeploymentPostprocessing = 0;
		};
/* End PBXSourcesBuildPhase section */

/* Begin XCBuildConfiguration section */
		10203E8D2EFA4CE100A9F078 /* Debug */ = {
			isa = XCBuildConfiguration;
			buildSettings = {
				ASSETCATALOG_COMPILER_APPICON_NAME = iTranslation;
				ASSETCATALOG_COMPILER_GLOBAL_ACCENT_COLOR_NAME = AccentColor;
				ASSETCATALOG_COMPILER_INCLUDE_ALL_APPICON_ASSETS = NO;
				CODE_SIGN_STYLE = Automatic;
				CURRENT_PROJECT_VERSION = 1;
				DEVELOPMENT_TEAM = 64RWPFUJYS;
				ENABLE_APP_SANDBOX = YES;
				ENABLE_HARDENED_RUNTIME = YES;
				ENABLE_INCOMING_NETWORK_CONNECTIONS = YES;
				ENABLE_OUTGOING_NETWORK_CONNECTIONS = YES;
				ENABLE_PREVIEWS = YES;
				ENABLE_RESOURCE_ACCESS_AUDIO_INPUT = NO;
				ENABLE_RESOURCE_ACCESS_BLUETOOTH = NO;
				ENABLE_RESOURCE_ACCESS_CALENDARS = NO;
				ENABLE_RESOURCE_ACCESS_CAMERA = NO;
				ENABLE_RESOURCE_ACCESS_CONTACTS = NO;
				ENABLE_RESOURCE_ACCESS_LOCATION = NO;
				ENABLE_RESOURCE_ACCESS_PRINTING = NO;
				ENABLE_RESOURCE_ACCESS_USB = NO;
				ENABLE_USER_SELECTED_FILES = readwrite;
				GENERATE_INFOPLIST_FILE = YES;
				INFOPLIST_FILE = App/Info.plist;
				INFOPLIST_KEY_CFBundleDisplayName = iTranslation;
				INFOPLIST_KEY_LSApplicationCategoryType = "public.app-category.utilities";
				INFOPLIST_KEY_LSUIElement = YES;
				INFOPLIST_KEY_NSHumanReadableCopyright = "© 2025 iChochy";
				"INFOPLIST_KEY_UIApplicationSceneManifest_Generation[sdk=iphoneos*]" = YES;
				"INFOPLIST_KEY_UIApplicationSceneManifest_Generation[sdk=iphonesimulator*]" = YES;
				"INFOPLIST_KEY_UIApplicationSupportsIndirectInputEvents[sdk=iphoneos*]" = YES;
				"INFOPLIST_KEY_UIApplicationSupportsIndirectInputEvents[sdk=iphonesimulator*]" = YES;
				"INFOPLIST_KEY_UILaunchScreen_Generation[sdk=iphoneos*]" = YES;
				"INFOPLIST_KEY_UILaunchScreen_Generation[sdk=iphonesimulator*]" = YES;
				"INFOPLIST_KEY_UIStatusBarStyle[sdk=iphoneos*]" = UIStatusBarStyleDefault;
				"INFOPLIST_KEY_UIStatusBarStyle[sdk=iphonesimulator*]" = UIStatusBarStyleDefault;
				IPHONEOS_DEPLOYMENT_TARGET = 26.2;
				LD_RUNPATH_SEARCH_PATHS = "@executable_path/Frameworks";
				"LD_RUNPATH_SEARCH_PATHS[sdk=macosx*]" = "@executable_path/../Frameworks";
				MACOSX_DEPLOYMENT_TARGET = 15;
				MARKETING_VERSION = 1.0;
				PRODUCT_BUNDLE_IDENTIFIER = site.mleo.iTranslation;
				PRODUCT_NAME = "$(TARGET_NAME)";
				REGISTER_APP_GROUPS = YES;
				SDKROOT = auto;
				STRING_CATALOG_GENERATE_SYMBOLS = YES;
				SUPPORTED_PLATFORMS = macosx;
				SUPPORTS_MACCATALYST = NO;
				SWIFT_APPROACHABLE_CONCURRENCY = YES;
				SWIFT_DEFAULT_ACTOR_ISOLATION = MainActor;
				SWIFT_EMIT_LOC_STRINGS = YES;
				SWIFT_UPCOMING_FEATURE_MEMBER_IMPORT_VISIBILITY = YES;
				SWIFT_VERSION = 5.0;
				XROS_DEPLOYMENT_TARGET = 26.2;
			};
			name = Debug;
		};
		10203E8E2EFA4CE100A9F078 /* Release */ = {
			isa = XCBuildConfiguration;
			buildSettings = {
				ASSETCATALOG_COMPILER_APPICON_NAME = iTranslation;
				ASSETCATALOG_COMPILER_GLOBAL_ACCENT_COLOR_NAME = AccentColor;
				ASSETCATALOG_COMPILER_INCLUDE_ALL_APPICON_ASSETS = NO;
				CODE_SIGN_STYLE = Automatic;
				CURRENT_PROJECT_VERSION = 1;
				DEVELOPMENT_TEAM = 64RWPFUJYS;
				ENABLE_APP_SANDBOX = YES;
				ENABLE_HARDENED_RUNTIME = YES;
				ENABLE_INCOMING_NETWORK_CONNECTIONS = YES;
				ENABLE_OUTGOING_NETWORK_CONNECTIONS = YES;
				ENABLE_PREVIEWS = YES;
				ENABLE_RESOURCE_ACCESS_AUDIO_INPUT = NO;
				ENABLE_RESOURCE_ACCESS_BLUETOOTH = NO;
				ENABLE_RESOURCE_ACCESS_CALENDARS = NO;
				ENABLE_RESOURCE_ACCESS_CAMERA = NO;
				ENABLE_RESOURCE_ACCESS_CONTACTS = NO;
				ENABLE_RESOURCE_ACCESS_LOCATION = NO;
				ENABLE_RESOURCE_ACCESS_PRINTING = NO;
				ENABLE_RESOURCE_ACCESS_USB = NO;
				ENABLE_USER_SELECTED_FILES = readwrite;
				GENERATE_INFOPLIST_FILE = YES;
				INFOPLIST_FILE = App/Info.plist;
				INFOPLIST_KEY_CFBundleDisplayName = iTranslation;
				INFOPLIST_KEY_LSApplicationCategoryType = "public.app-category.utilities";
				INFOPLIST_KEY_LSUIElement = YES;
				INFOPLIST_KEY_NSHumanReadableCopyright = "© 2025 iChochy";
				"INFOPLIST_KEY_UIApplicationSceneManifest_Generation[sdk=iphoneos*]" = YES;
				"INFOPLIST_KEY_UIApplicationSceneManifest_Generation[sdk=iphonesimulator*]" = YES;
				"INFOPLIST_KEY_UIApplicationSupportsIndirectInputEvents[sdk=iphoneos*]" = YES;
				"INFOPLIST_KEY_UIApplicationSupportsIndirectInputEvents[sdk=iphonesimulator*]" = YES;
				"INFOPLIST_KEY_UILaunchScreen_Generation[sdk=iphoneos*]" = YES;
				"INFOPLIST_KEY_UILaunchScreen_Generation[sdk=iphonesimulator*]" = YES;
				"INFOPLIST_KEY_UIStatusBarStyle[sdk=iphoneos*]" = UIStatusBarStyleDefault;
				"INFOPLIST_KEY_UIStatusBarStyle[sdk=iphonesimulator*]" = UIStatusBarStyleDefault;
				IPHONEOS_DEPLOYMENT_TARGET = 26.2;
				LD_RUNPATH_SEARCH_PATHS = "@executable_path/Frameworks";
				"LD_RUNPATH_SEARCH_PATHS[sdk=macosx*]" = "@executable_path/../Frameworks";
				MACOSX_DEPLOYMENT_TARGET = 15;
				MARKETING_VERSION = 1.0;
				PRODUCT_BUNDLE_IDENTIFIER = site.mleo.iTranslation;
				PRODUCT_NAME = "$(TARGET_NAME)";
				REGISTER_APP_GROUPS = YES;
				SDKROOT = auto;
				STRING_CATALOG_GENERATE_SYMBOLS = YES;
				SUPPORTED_PLATFORMS = macosx;
				SUPPORTS_MACCATALYST = NO;
				SWIFT_APPROACHABLE_CONCURRENCY = YES;
				SWIFT_DEFAULT_ACTOR_ISOLATION = MainActor;
				SWIFT_EMIT_LOC_STRINGS = YES;
				SWIFT_UPCOMING_FEATURE_MEMBER_IMPORT_VISIBILITY = YES;
				SWIFT_VERSION = 5.0;
				XROS_DEPLOYMENT_TARGET = 26.2;
			};
			name = Release;
		};
		10203E8F2EFA4CE100A9F078 /* Debug */ = {
			isa = XCBuildConfiguration;
			buildSettings = {
				ALWAYS_SEARCH_USER_PATHS = NO;
				ASSETCATALOG_COMPILER_GENERATE_SWIFT_ASSET_SYMBOL_EXTENSIONS = YES;
				CLANG_ANALYZER_NONNULL = YES;
				CLANG_ANALYZER_NUMBER_OBJECT_CONVERSION = YES_AGGRESSIVE;
				CLANG_CXX_LANGUAGE_STANDARD = "gnu++20";
				CLANG_ENABLE_MODULES = YES;
				CLANG_ENABLE_OBJC_ARC = YES;
				CLANG_ENABLE_OBJC_WEAK = YES;
				CLANG_WARN_BLOCK_CAPTURE_AUTORELEASING = YES;
				CLANG_WARN_BOOL_CONVERSION = YES;
				CLANG_WARN_COMMA = YES;
				CLANG_WARN_CONSTANT_CONVERSION = YES;
				CLANG_WARN_DEPRECATED_OBJC_IMPLEMENTATIONS = YES;
				CLANG_WARN_DIRECT_OBJC_ISA_USAGE = YES_ERROR;
				CLANG_WARN_DOCUMENTATION_COMMENTS = YES;
				CLANG_WARN_EMPTY_BODY = YES;
				CLANG_WARN_ENUM_CONVERSION = YES;
				CLANG_WARN_INFINITE_RECURSION = YES;
				CLANG_WARN_INT_CONVERSION = YES;
				CLANG_WARN_NON_LITERAL_NULL_CONVERSION = YES;
				CLANG_WARN_OBJC_IMPLICIT_RETAIN_SELF = YES;
				CLANG_WARN_OBJC_LITERAL_CONVERSION = YES;
				CLANG_WARN_OBJC_ROOT_CLASS = YES_ERROR;
				CLANG_WARN_QUOTED_INCLUDE_IN_FRAMEWORK_HEADER = YES;
				CLANG_WARN_RANGE_LOOP_ANALYSIS = YES;
				CLANG_WARN_STRICT_PROTOTYPES = YES;
				CLANG_WARN_SUSPICIOUS_MOVE = YES;
				CLANG_WARN_UNGUARDED_AVAILABILITY = YES_AGGRESSIVE;
				CLANG_WARN_UNREACHABLE_CODE = YES;
				CLANG_WARN__DUPLICATE_METHOD_MATCH = YES;
				COPY_PHASE_STRIP = NO;
				DEBUG_INFORMATION_FORMAT = dwarf;
				DEVELOPMENT_TEAM = 64RWPFUJYS;
				ENABLE_STRICT_OBJC_MSGSEND = YES;
				ENABLE_TESTABILITY = YES;
				ENABLE_USER_SCRIPT_SANDBOXING = YES;
				GCC_C_LANGUAGE_STANDARD = gnu17;
				GCC_DYNAMIC_NO_PIC = NO;
				GCC_NO_COMMON_BLOCKS = YES;
				GCC_OPTIMIZATION_LEVEL = 0;
				GCC_PREPROCESSOR_DEFINITIONS = (
					"DEBUG=1",
					"$(inherited)",
				);
				GCC_WARN_64_TO_32_BIT_CONVERSION = YES;
				GCC_WARN_ABOUT_RETURN_TYPE = YES_ERROR;
				GCC_WARN_UNDECLARED_SELECTOR = YES;
				GCC_WARN_UNINITIALIZED_AUTOS = YES_AGGRESSIVE;
				GCC_WARN_UNUSED_FUNCTION = YES;
				GCC_WARN_UNUSED_VARIABLE = YES;
				LOCALIZATION_PREFERS_STRING_CATALOGS = YES;
				MTL_ENABLE_DEBUG_INFO = INCLUDE_SOURCE;
				MTL_FAST_MATH = YES;
				ONLY_ACTIVE_ARCH = YES;
				SWIFT_ACTIVE_COMPILATION_CONDITIONS = "DEBUG $(inherited)";
				SWIFT_OPTIMIZATION_LEVEL = "-Onone";
			};
			name = Debug;
		};
		10203E902EFA4CE100A9F078 /* Release */ = {
			isa = XCBuildConfiguration;
			buildSettings = {
				ALWAYS_SEARCH_USER_PATHS = NO;
				ASSETCATALOG_COMPILER_GENERATE_SWIFT_ASSET_SYMBOL_EXTENSIONS = YES;
				CLANG_ANALYZER_NONNULL = YES;
				CLANG_ANALYZER_NUMBER_OBJECT_CONVERSION = YES_AGGRESSIVE;
				CLANG_CXX_LANGUAGE_STANDARD = "gnu++20";
				CLANG_ENABLE_MODULES = YES;
				CLANG_ENABLE_OBJC_ARC = YES;
				CLANG_ENABLE_OBJC_WEAK = YES;
				CLANG_WARN_BLOCK_CAPTURE_AUTORELEASING = YES;
				CLANG_WARN_BOOL_CONVERSION = YES;
				CLANG_WARN_COMMA = YES;
				CLANG_WARN_CONSTANT_CONVERSION = YES;
				CLANG_WARN_DEPRECATED_OBJC_IMPLEMENTATIONS = YES;
				CLANG_WARN_DIRECT_OBJC_ISA_USAGE = YES_ERROR;
				CLANG_WARN_DOCUMENTATION_COMMENTS = YES;
				CLANG_WARN_EMPTY_BODY = YES;
				CLANG_WARN_ENUM_CONVERSION = YES;
				CLANG_WARN_INFINITE_RECURSION = YES;
				CLANG_WARN_INT_CONVERSION = YES;
				CLANG_WARN_NON_LITERAL_NULL_CONVERSION = YES;
				CLANG_WARN_OBJC_IMPLICIT_RETAIN_SELF = YES;
				CLANG_WARN_OBJC_LITERAL_CONVERSION = YES;
				CLANG_WARN_OBJC_ROOT_CLASS = YES_ERROR;
				CLANG_WARN_QUOTED_INCLUDE_IN_FRAMEWORK_HEADER = YES;
				CLANG_WARN_RANGE_LOOP_ANALYSIS = YES;
				CLANG_WARN_STRICT_PROTOTYPES = YES;
				CLANG_WARN_SUSPICIOUS_MOVE = YES;
				CLANG_WARN_UNGUARDED_AVAILABILITY = YES_AGGRESSIVE;
				CLANG_WARN_UNREACHABLE_CODE = YES;
				CLANG_WARN__DUPLICATE_METHOD_MATCH = YES;
				COPY_PHASE_STRIP = NO;
				DEBUG_INFORMATION_FORMAT = "dwarf-with-dsym";
				DEVELOPMENT_TEAM = 64RWPFUJYS;
				ENABLE_NS_ASSERTIONS = NO;
				ENABLE_STRICT_OBJC_MSGSEND = YES;
				ENABLE_USER_SCRIPT_SANDBOXING = YES;
				GCC_C_LANGUAGE_STANDARD = gnu17;
				GCC_NO_COMMON_BLOCKS = YES;
				GCC_WARN_64_TO_32_BIT_CONVERSION = YES;
				GCC_WARN_ABOUT_RETURN_TYPE = YES_ERROR;
				GCC_WARN_UNDECLARED_SELECTOR = YES;
				GCC_WARN_UNINITIALIZED_AUTOS = YES_AGGRESSIVE;
				GCC_WARN_UNUSED_FUNCTION = YES;
				GCC_WARN_UNUSED_VARIABLE = YES;
				LOCALIZATION_PREFERS_STRING_CATALOGS = YES;
				MTL_ENABLE_DEBUG_INFO = NO;
				MTL_FAST_MATH = YES;
				SWIFT_COMPILATION_MODE = wholemodule;
			};
			name = Release;
		};
/* End XCBuildConfiguration section */

/* Begin XCConfigurationList section */
		10203E632EFA4CE000A9F078 /* Build configuration list for PBXProject "iTranslation" */ = {
			isa = XCConfigurationList;
			buildConfigurations = (
				10203E8F2EFA4CE100A9F078 /* Debug */,
				10203E902EFA4CE100A9F078 /* Release */,
			);
			defaultConfigurationIsVisible = 0;
			defaultConfigurationName = Release;
		};
		10203E8C2EFA4CE100A9F078 /* Build configuration list for PBXNativeTarget "iTranslation" */ = {
			isa = XCConfigurationList;
			buildConfigurations = (
				10203E8D2EFA4CE100A9F078 /* Debug */,
				10203E8E2EFA4CE100A9F078 /* Release */,
			);
			defaultConfigurationIsVisible = 0;
			defaultConfigurationName = Release;
		};
/* End XCConfigurationList section */
	};
	rootObject = 10203E602EFA4CE000A9F078 /* Project object */;
}
